// !$*UTF8*$!
{
	archiveVersion = 1;
	classes = {
	};
	objectVersion = 50;
	objects = {

/* Begin PBXBuildFile section */
		920C06C124FC7FE100372EFF /* AppDelegate.swift in Sources */ = {isa = PBXBuildFile; fileRef = 920C06C024FC7FE100372EFF /* AppDelegate.swift */; };
		920C06C324FC7FE100372EFF /* SceneDelegate.swift in Sources */ = {isa = PBXBuildFile; fileRef = 920C06C224FC7FE100372EFF /* SceneDelegate.swift */; };
		920C06C524FC7FE100372EFF /* ContentView.swift in Sources */ = {isa = PBXBuildFile; fileRef = 920C06C424FC7FE100372EFF /* ContentView.swift */; };
		920C06C724FC7FE200372EFF /* Assets.xcassets in Resources */ = {isa = PBXBuildFile; fileRef = 920C06C624FC7FE200372EFF /* Assets.xcassets */; };
		920C06CA24FC7FE200372EFF /* Preview Assets.xcassets in Resources */ = {isa = PBXBuildFile; fileRef = 920C06C924FC7FE200372EFF /* Preview Assets.xcassets */; };
		920C06CD24FC7FE200372EFF /* LaunchScreen.storyboard in Resources */ = {isa = PBXBuildFile; fileRef = 920C06CB24FC7FE200372EFF /* LaunchScreen.storyboard */; };
		920C06D524FC885B00372EFF /* CameraController.swift in Sources */ = {isa = PBXBuildFile; fileRef = 920C06D424FC885B00372EFF /* CameraController.swift */; };
		920C06D724FC8C2200372EFF /* CameraViewController.swift in Sources */ = {isa = PBXBuildFile; fileRef = 920C06D624FC8C2200372EFF /* CameraViewController.swift */; };
/* End PBXBuildFile section */

/* Begin PBXFileReference section */
		920C06BD24FC7FE100372EFF /* Tracking_User_Face.app */ = {isa = PBXFileReference; explicitFileType = wrapper.application; includeInIndex = 0; path = Tracking_User_Face.app; sourceTree = BUILT_PRODUCTS_DIR; };
		920C06C024FC7FE100372EFF /* AppDelegate.swift */ = {isa = PBXFileReference; lastKnownFileType = sourcecode.swift; path = AppDelegate.swift; sourceTree = "<group>"; };
		920C06C224FC7FE100372EFF /* SceneDelegate.swift */ = {isa = PBXFileReference; lastKnownFileType = sourcecode.swift; path = SceneDelegate.swift; sourceTree = "<group>"; };
		920C06C424FC7FE100372EFF /* ContentView.swift */ = {isa = PBXFileReference; lastKnownFileType = sourcecode.swift; path = ContentView.swift; sourceTree = "<group>"; };
		920C06C624FC7FE200372EFF /* Assets.xcassets */ = {isa = PBXFileReference; lastKnownFileType = folder.assetcatalog; path = Assets.xcassets; sourceTree = "<group>"; };
		920C06C924FC7FE200372EFF /* Preview Assets.xcassets */ = {isa = PBXFileReference; lastKnownFileType = folder.assetcatalog; path = "Preview Assets.xcassets"; sourceTree = "<group>"; };
		920C06CC24FC7FE200372EFF /* Base */ = {isa = PBXFileReference; lastKnownFileType = file.storyboard; name = Base; path = Base.lproj/LaunchScreen.storyboard; sourceTree = "<group>"; };
		920C06CE24FC7FE200372EFF /* Info.plist */ = {isa = PBXFileReference; lastKnownFileType = text.plist.xml; path = Info.plist; sourceTree = "<group>"; };
		920C06D424FC885B00372EFF /* CameraController.swift */ = {isa = PBXFileReference; lastKnownFileType = sourcecode.swift; path = CameraController.swift; sourceTree = "<group>"; };
		920C06D624FC8C2200372EFF /* CameraViewController.swift */ = {isa = PBXFileReference; lastKnownFileType = sourcecode.swift; path = CameraViewController.swift; sourceTree = "<group>"; };
/* End PBXFileReference section */

/* Begin PBXFrameworksBuildPhase section */
		920C06BA24FC7FE100372EFF /* Frameworks */ = {
			isa = PBXFrameworksBuildPhase;
			buildActionMask = 2147483647;
			files = (
			);
			runOnlyForDeploymentPostprocessing = 0;
		};
/* End PBXFrameworksBuildPhase section */

/* Begin PBXGroup section */
		920C06B424FC7FE100372EFF = {
			isa = PBXGroup;
			children = (
				920C06BF24FC7FE100372EFF /* Tracking_User_Face */,
				920C06BE24FC7FE100372EFF /* Products */,
			);
			sourceTree = "<group>";
		};
		920C06BE24FC7FE100372EFF /* Products */ = {
			isa = PBXGroup;
			children = (
				920C06BD24FC7FE100372EFF /* Tracking_User_Face.app */,
			);
			name = Products;
			sourceTree = "<group>";
		};
		920C06BF24FC7FE100372EFF /* Tracking_User_Face */ = {
			isa = PBXGroup;
			children = (
				920C06C024FC7FE100372EFF /* AppDelegate.swift */,
				920C06C224FC7FE100372EFF /* SceneDelegate.swift */,
				920C06C424FC7FE100372EFF /* ContentView.swift */,
				920C06C624FC7FE200372EFF /* Assets.xcassets */,
				920C06CB24FC7FE200372EFF /* LaunchScreen.storyboard */,
				920C06CE24FC7FE200372EFF /* Info.plist */,
				920C06C824FC7FE200372EFF /* Preview Content */,
				920C06D424FC885B00372EFF /* CameraController.swift */,
				920C06D624FC8C2200372EFF /* CameraViewController.swift */,
			);
			path = Tracking_User_Face;
			sourceTree = "<group>";
		};
		920C06C824FC7FE200372EFF /* Preview Content */ = {
			isa = PBXGroup;
			children = (
				920C06C924FC7FE200372EFF /* Preview Assets.xcassets */,
			);
			path = "Preview Content";
			sourceTree = "<group>";
		};
/* End PBXGroup section */

/* Begin PBXNativeTarget section */
		920C06BC24FC7FE100372EFF /* Tracking_User_Face */ = {
			isa = PBXNativeTarget;
			buildConfigurationList = 920C06D124FC7FE200372EFF /* Build configuration list for PBXNativeTarget "Tracking_User_Face" */;
			buildPhases = (
				920C06B924FC7FE100372EFF /* Sources */,
				920C06BA24FC7FE100372EFF /* Frameworks */,
				920C06BB24FC7FE100372EFF /* Resources */,
			);
			buildRules = (
			);
			dependencies = (
			);
			name = Tracking_User_Face;
			productName = Tracking_User_Face;
			productReference = 920C06BD24FC7FE100372EFF /* Tracking_User_Face.app */;
			productType = "com.apple.product-type.application";
		};
/* End PBXNativeTarget section */

/* Begin PBXProject section */
		920C06B524FC7FE100372EFF /* Project object */ = {
			isa = PBXProject;
			attributes = {
				LastSwiftUpdateCheck = 1160;
				LastUpgradeCheck = 1160;
				ORGANIZATIONNAME = "神村亮佑";
				TargetAttributes = {
					920C06BC24FC7FE100372EFF = {
						CreatedOnToolsVersion = 11.6;
					};
				};
			};
			buildConfigurationList = 920C06B824FC7FE100372EFF /* Build configuration list for PBXProject "Tracking_User_Face" */;
			compatibilityVersion = "Xcode 9.3";
			developmentRegion = en;
			hasScannedForEncodings = 0;
			knownRegions = (
				en,
				Base,
			);
			mainGroup = 920C06B424FC7FE100372EFF;
			productRefGroup = 920C06BE24FC7FE100372EFF /* Products */;
			projectDirPath = "";
			projectRoot = "";
			targets = (
				920C06BC24FC7FE100372EFF /* Tracking_User_Face */,
			);
		};
/* End PBXProject section */

/* Begin PBXResourcesBuildPhase section */
		920C06BB24FC7FE100372EFF /* Resources */ = {
			isa = PBXResourcesBuildPhase;
			buildActionMask = 2147483647;
			files = (
				920C06CD24FC7FE200372EFF /* LaunchScreen.storyboard in Resources */,
				920C06CA24FC7FE200372EFF /* Preview Assets.xcassets in Resources */,
				920C06C724FC7FE200372EFF /* Assets.xcassets in Resources */,
			);
			runOnlyForDeploymentPostprocessing = 0;
		};
/* End PBXResourcesBuildPhase section */

/* Begin PBXSourcesBuildPhase section */
		920C06B924FC7FE100372EFF /* Sources */ = {
			isa = PBXSourcesBuildPhase;
			buildActionMask = 2147483647;
			files = (
				920C06C124FC7FE100372EFF /* AppDelegate.swift in Sources */,
				920C06D724FC8C2200372EFF /* CameraViewController.swift in Sources */,
				920C06C324FC7FE100372EFF /* SceneDelegate.swift in Sources */,
				920C06D524FC885B00372EFF /* CameraController.swift in Sources */,
				920C06C524FC7FE100372EFF /* ContentView.swift in Sources */,
			);
			runOnlyForDeploymentPostprocessing = 0;
		};
/* End PBXSourcesBuildPhase section */

/* Begin PBXVariantGroup section */
		920C06CB24FC7FE200372EFF /* LaunchScreen.storyboard */ = {
			isa = PBXVariantGroup;
			children = (
				920C06CC24FC7FE200372EFF /* Base */,
			);
			name = LaunchScreen.storyboard;
			sourceTree = "<group>";
		};
/* End PBXVariantGroup section */

/* Begin XCBuildConfiguration section */
		920C06CF24FC7FE200372EFF /* Debug */ = {
			isa = XCBuildConfiguration;
			buildSettings = {
				ALWAYS_SEARCH_USER_PATHS = NO;
				CLANG_ANALYZER_NONNULL = YES;
				CLANG_ANALYZER_NUMBER_OBJECT_CONVERSION = YES_AGGRESSIVE;
				CLANG_CXX_LANGUAGE_STANDARD = "gnu++14";
				CLANG_CXX_LIBRARY = "libc++";
				CLANG_ENABLE_MODULES = YES;
				CLANG_ENABLE_OBJC_ARC = YES;
				CLANG_ENABLE_OBJC_WEAK = YES;
				CLANG_WARN_BLOCK_CAPTURE_AUTORELEASING = YES;
				CLANG_WARN_BOOL_CONVERSION = YES;
				CLANG_WARN_COMMA = YES;
				CLANG_WARN_CONSTANT_CONVERSION = YES;
				CLANG_WARN_DEPRECATED_OBJC_IMPLEMENTATIONS = YES;
				CLANG_WARN_DIRECT_OBJC_ISA_USAGE = YES_ERROR;
				CLANG_WARN_DOCUMENTATION_COMMENTS = YES;
				CLANG_WARN_EMPTY_BODY = YES;
				CLANG_WARN_ENUM_CONVERSION = YES;
				CLANG_WARN_INFINITE_RECURSION = YES;
				CLANG_WARN_INT_CONVERSION = YES;
				CLANG_WARN_NON_LITERAL_NULL_CONVERSION = YES;
				CLANG_WARN_OBJC_IMPLICIT_RETAIN_SELF = YES;
				CLANG_WARN_OBJC_LITERAL_CONVERSION = YES;
				CLANG_WARN_OBJC_ROOT_CLASS = YES_ERROR;
				CLANG_WARN_RANGE_LOOP_ANALYSIS = YES;
				CLANG_WARN_STRICT_PROTOTYPES = YES;
				CLANG_WARN_SUSPICIOUS_MOVE = YES;
				CLANG_WARN_UNGUARDED_AVAILABILITY = YES_AGGRESSIVE;
				CLANG_WARN_UNREACHABLE_CODE = YES;
				CLANG_WARN__DUPLICATE_METHOD_MATCH = YES;
				COPY_PHASE_STRIP = NO;
				DEBUG_INFORMATION_FORMAT = dwarf;
				ENABLE_STRICT_OBJC_MSGSEND = YES;
				ENABLE_TESTABILITY = YES;
				GCC_C_LANGUAGE_STANDARD = gnu11;
				GCC_DYNAMIC_NO_PIC = NO;
				GCC_NO_COMMON_BLOCKS = YES;
				GCC_OPTIMIZATION_LEVEL = 0;
				GCC_PREPROCESSOR_DEFINITIONS = (
					"DEBUG=1",
					"$(inherited)",
				);
				GCC_WARN_64_TO_32_BIT_CONVERSION = YES;
				GCC_WARN_ABOUT_RETURN_TYPE = YES_ERROR;
				GCC_WARN_UNDECLARED_SELECTOR = YES;
				GCC_WARN_UNINITIALIZED_AUTOS = YES_AGGRESSIVE;
				GCC_WARN_UNUSED_FUNCTION = YES;
				GCC_WARN_UNUSED_VARIABLE = YES;
				IPHONEOS_DEPLOYMENT_TARGET = 13.6;
				MTL_ENABLE_DEBUG_INFO = INCLUDE_SOURCE;
				MTL_FAST_MATH = YES;
				ONLY_ACTIVE_ARCH = YES;
				SDKROOT = iphoneos;
				SWIFT_ACTIVE_COMPILATION_CONDITIONS = DEBUG;
				SWIFT_OPTIMIZATION_LEVEL = "-Onone";
			};
			name = Debug;
		};
		920C06D024FC7FE200372EFF /* Release */ = {
			isa = XCBuildConfiguration;
			buildSettings = {
				ALWAYS_SEARCH_USER_PATHS = NO;
				CLANG_ANALYZER_NONNULL = YES;
				CLANG_ANALYZER_NUMBER_OBJECT_CONVERSION = YES_AGGRESSIVE;
				CLANG_CXX_LANGUAGE_STANDARD = "gnu++14";
				CLANG_CXX_LIBRARY = "libc++";
				CLANG_ENABLE_MODULES = YES;
				CLANG_ENABLE_OBJC_ARC = YES;
				CLANG_ENABLE_OBJC_WEAK = YES;
				CLANG_WARN_BLOCK_CAPTURE_AUTORELEASING = YES;
				CLANG_WARN_BOOL_CONVERSION = YES;
				CLANG_WARN_COMMA = YES;
				CLANG_WARN_CONSTANT_CONVERSION = YES;
				CLANG_WARN_DEPRECATED_OBJC_IMPLEMENTATIONS = YES;
				CLANG_WARN_DIRECT_OBJC_ISA_USAGE = YES_ERROR;
				CLANG_WARN_DOCUMENTATION_COMMENTS = YES;
				CLANG_WARN_EMPTY_BODY = YES;
				CLANG_WARN_ENUM_CONVERSION = YES;
				CLANG_WARN_INFINITE_RECURSION = YES;
				CLANG_WARN_INT_CONVERSION = YES;
				CLANG_WARN_NON_LITERAL_NULL_CONVERSION = YES;
				CLANG_WARN_OBJC_IMPLICIT_RETAIN_SELF = YES;
				CLANG_WARN_OBJC_LITERAL_CONVERSION = YES;
				CLANG_WARN_OBJC_ROOT_CLASS = YES_ERROR;
				CLANG_WARN_RANGE_LOOP_ANALYSIS = YES;
				CLANG_WARN_STRICT_PROTOTYPES = YES;
				CLANG_WARN_SUSPICIOUS_MOVE = YES;
				CLANG_WARN_UNGUARDED_AVAILABILITY = YES_AGGRESSIVE;
				CLANG_WARN_UNREACHABLE_CODE = YES;
				CLANG_WARN__DUPLICATE_METHOD_MATCH = YES;
				COPY_PHASE_STRIP = NO;
				DEBUG_INFORMATION_FORMAT = "dwarf-with-dsym";
				ENABLE_NS_ASSERTIONS = NO;
				ENABLE_STRICT_OBJC_MSGSEND = YES;
				GCC_C_LANGUAGE_STANDARD = gnu11;
				GCC_NO_COMMON_BLOCKS = YES;
				GCC_WARN_64_TO_32_BIT_CONVERSION = YES;
				GCC_WARN_ABOUT_RETURN_TYPE = YES_ERROR;
				GCC_WARN_UNDECLARED_SELECTOR = YES;
				GCC_WARN_UNINITIALIZED_AUTOS = YES_AGGRESSIVE;
				GCC_WARN_UNUSED_FUNCTION = YES;
				GCC_WARN_UNUSED_VARIABLE = YES;
				IPHONEOS_DEPLOYMENT_TARGET = 13.6;
				MTL_ENABLE_DEBUG_INFO = NO;
				MTL_FAST_MATH = YES;
				SDKROOT = iphoneos;
				SWIFT_COMPILATION_MODE = wholemodule;
				SWIFT_OPTIMIZATION_LEVEL = "-O";
				VALIDATE_PRODUCT = YES;
			};
			name = Release;
		};
		920C06D224FC7FE200372EFF /* Debug */ = {
			isa = XCBuildConfiguration;
			buildSettings = {
				ASSETCATALOG_COMPILER_APPICON_NAME = AppIcon;
				CODE_SIGN_STYLE = Automatic;
				DEVELOPMENT_ASSET_PATHS = "\"Tracking_User_Face/Preview Content\"";
				DEVELOPMENT_TEAM = 4L3H8AS5LU;
				ENABLE_PREVIEWS = YES;
				INFOPLIST_FILE = Tracking_User_Face/Info.plist;
				LD_RUNPATH_SEARCH_PATHS = (
					"$(inherited)",
					"@executable_path/Frameworks",
				);
				PRODUCT_BUNDLE_IDENTIFIER = "com.kamimura.Tracking-User-Face";
				PRODUCT_NAME = "$(TARGET_NAME)";
				SWIFT_VERSION = 5.0;
				TARGETED_DEVICE_FAMILY = "1,2";
			};
			name = Debug;
		};
		920C06D324FC7FE200372EFF /* Release */ = {
			isa = XCBuildConfiguration;
			buildSettings = {
				ASSETCATALOG_COMPILER_APPICON_NAME = AppIcon;
				CODE_SIGN_STYLE = Automatic;
				DEVELOPMENT_ASSET_PATHS = "\"Tracking_User_Face/Preview Content\"";
				DEVELOPMENT_TEAM = 4L3H8AS5LU;
				ENABLE_PREVIEWS = YES;
				INFOPLIST_FILE = Tracking_User_Face/Info.plist;
				LD_RUNPATH_SEARCH_PATHS = (
					"$(inherited)",
					"@executable_path/Frameworks",
				);
				PRODUCT_BUNDLE_IDENTIFIER = "com.kamimura.Tracking-User-Face";
				PRODUCT_NAME = "$(TARGET_NAME)";
				SWIFT_VERSION = 5.0;
				TARGETED_DEVICE_FAMILY = "1,2";
			};
			name = Release;
		};
/* End XCBuildConfiguration section */

/* Begin XCConfigurationList section */
		920C06B824FC7FE100372EFF /* Build configuration list for PBXProject "Tracking_User_Face" */ = {
			isa = XCConfigurationList;
			buildConfigurations = (
				920C06CF24FC7FE200372EFF /* Debug */,
				920C06D024FC7FE200372EFF /* Release */,
			);
			defaultConfigurationIsVisible = 0;
			defaultConfigurationName = Release;
		};
		920C06D124FC7FE200372EFF /* Build configuration list for PBXNativeTarget "Tracking_User_Face" */ = {
			isa = XCConfigurationList;
			buildConfigurations = (
				920C06D224FC7FE200372EFF /* Debug */,
				920C06D324FC7FE200372EFF /* Release */,
			);
			defaultConfigurationIsVisible = 0;
			defaultConfigurationName = Release;
		};
/* End XCConfigurationList section */
	};
	rootObject = 920C06B524FC7FE100372EFF /* Project object */;
}
